
Microsoft Visual Studio Solution File, Format Version 12.00
# Visual Studio Version 17
VisualStudioVersion = 17.3.32819.101
MinimumVisualStudioVersion = 10.0.40219.1
Project("{FAE04EC0-301F-11D3-BF4B-00C04F79EFBC}") = "CourseLib", "CourseLib.csproj", "{5EDC4AB0-7ABB-4098-A6FA-28CE52F7A1E7}"
EndProject
Global
	GlobalSection(SolutionConfigurationPlatforms) = preSolution
		Debug|Any CPU = Debug|Any CPU
		Release|Any CPU = Release|Any CPU
	EndGlobalSection
	GlobalSection(ProjectConfigurationPlatforms) = postSolution
		{5EDC4AB0-7ABB-4098-A6FA-28CE52F7A1E7}.Debug|Any CPU.ActiveCfg = Debug|Any CPU
		{5EDC4AB0-7ABB-4098-A6FA-28CE52F7A1E7}.Debug|Any CPU.Build.0 = Debug|Any CPU
		{5EDC4AB0-7ABB-4098-A6FA-28CE52F7A1E7}.Release|Any CPU.ActiveCfg = Release|Any CPU
		{5EDC4AB0-7ABB-4098-A6FA-28CE52F7A1E7}.Release|Any CPU.Build.0 = Release|Any CPU
	EndGlobalSection
	GlobalSection(SolutionProperties) = preSolution
		HideSolutionNode = FALSE
	EndGlobalSection
	GlobalSection(ExtensibilityGlobals) = postSolution
		SolutionGuid = {A3A6D36D-7C24-4CF0-8A8D-A84E2F238C78}
	EndGlobalSection
EndGlobal
