
Microsoft Visual Studio Solution File, Format Version 12.00
# Visual Studio Version 17
VisualStudioVersion = 17.3.32819.101
MinimumVisualStudioVersion = 10.0.40219.1
Project("{FAE04EC0-301F-11D3-BF4B-00C04F79EFBC}") = "Fluke_PE4 Mandelbrot", "Fluke_PE4 Mandelbrot.csproj", "{DF79BD63-3EED-41E3-A7A5-53067C6AF294}"
EndProject
Global
	GlobalSection(SolutionConfigurationPlatforms) = preSolution
		Debug|Any CPU = Debug|Any CPU
		Release|Any CPU = Release|Any CPU
	EndGlobalSection
	GlobalSection(ProjectConfigurationPlatforms) = postSolution
		{DF79BD63-3EED-41E3-A7A5-53067C6AF294}.Debug|Any CPU.ActiveCfg = Debug|Any CPU
		{DF79BD63-3EED-41E3-A7A5-53067C6AF294}.Debug|Any CPU.Build.0 = Debug|Any CPU
		{DF79BD63-3EED-41E3-A7A5-53067C6AF294}.Release|Any CPU.ActiveCfg = Release|Any CPU
		{DF79BD63-3EED-41E3-A7A5-53067C6AF294}.Release|Any CPU.Build.0 = Release|Any CPU
	EndGlobalSection
	GlobalSection(SolutionProperties) = preSolution
		HideSolutionNode = FALSE
	EndGlobalSection
	GlobalSection(ExtensibilityGlobals) = postSolution
		SolutionGuid = {8DC3F32C-6C47-4BDE-B749-0E82B326AB07}
	EndGlobalSection
EndGlobal
