
Microsoft Visual Studio Solution File, Format Version 12.00
# Visual Studio Version 17
VisualStudioVersion = 17.3.32819.101
MinimumVisualStudioVersion = 10.0.40219.1
Project("{FAE04EC0-301F-11D3-BF4B-00C04F79EFBC}") = "Fluke_PE27-JsonHtml", "Fluke_PE27-JsonHtml.csproj", "{FD5C56B2-C8AB-4B6F-AC69-597B6013154F}"
EndProject
Global
	GlobalSection(SolutionConfigurationPlatforms) = preSolution
		Debug|Any CPU = Debug|Any CPU
		Release|Any CPU = Release|Any CPU
	EndGlobalSection
	GlobalSection(ProjectConfigurationPlatforms) = postSolution
		{FD5C56B2-C8AB-4B6F-AC69-597B6013154F}.Debug|Any CPU.ActiveCfg = Debug|Any CPU
		{FD5C56B2-C8AB-4B6F-AC69-597B6013154F}.Debug|Any CPU.Build.0 = Debug|Any CPU
		{FD5C56B2-C8AB-4B6F-AC69-597B6013154F}.Release|Any CPU.ActiveCfg = Release|Any CPU
		{FD5C56B2-C8AB-4B6F-AC69-597B6013154F}.Release|Any CPU.Build.0 = Release|Any CPU
	EndGlobalSection
	GlobalSection(SolutionProperties) = preSolution
		HideSolutionNode = FALSE
	EndGlobalSection
	GlobalSection(ExtensibilityGlobals) = postSolution
		SolutionGuid = {8C051F4E-CE83-4C3F-A2D6-87D673E3873C}
	EndGlobalSection
EndGlobal
