
Microsoft Visual Studio Solution File, Format Version 12.00
# Visual Studio Version 17
VisualStudioVersion = 17.3.32922.545
MinimumVisualStudioVersion = 10.0.40219.1
Project("{FAE04EC0-301F-11D3-BF4B-00C04F79EFBC}") = "Fluke_Final Q5", "Fluke_Final Q5.csproj", "{86B729DD-A647-489A-A327-096FB8595D2D}"
EndProject
Global
	GlobalSection(SolutionConfigurationPlatforms) = preSolution
		Debug|Any CPU = Debug|Any CPU
		Release|Any CPU = Release|Any CPU
	EndGlobalSection
	GlobalSection(ProjectConfigurationPlatforms) = postSolution
		{86B729DD-A647-489A-A327-096FB8595D2D}.Debug|Any CPU.ActiveCfg = Debug|Any CPU
		{86B729DD-A647-489A-A327-096FB8595D2D}.Debug|Any CPU.Build.0 = Debug|Any CPU
		{86B729DD-A647-489A-A327-096FB8595D2D}.Release|Any CPU.ActiveCfg = Release|Any CPU
		{86B729DD-A647-489A-A327-096FB8595D2D}.Release|Any CPU.Build.0 = Release|Any CPU
	EndGlobalSection
	GlobalSection(SolutionProperties) = preSolution
		HideSolutionNode = FALSE
	EndGlobalSection
	GlobalSection(ExtensibilityGlobals) = postSolution
		SolutionGuid = {41E78460-F795-4571-8457-FCBBBE469CD5}
	EndGlobalSection
EndGlobal
