
Microsoft Visual Studio Solution File, Format Version 12.00
# Visual Studio Version 17
VisualStudioVersion = 17.3.32819.101
MinimumVisualStudioVersion = 10.0.40219.1
Project("{FAE04EC0-301F-11D3-BF4B-00C04F79EFBC}") = "UT1_BugSquash", "UT1_BugSquash.csproj", "{A8E42145-D5DD-480F-BAA8-1C4934B8A391}"
EndProject
Global
	GlobalSection(SolutionConfigurationPlatforms) = preSolution
		Debug|Any CPU = Debug|Any CPU
		Release|Any CPU = Release|Any CPU
	EndGlobalSection
	GlobalSection(ProjectConfigurationPlatforms) = postSolution
		{A8E42145-D5DD-480F-BAA8-1C4934B8A391}.Debug|Any CPU.ActiveCfg = Debug|Any CPU
		{A8E42145-D5DD-480F-BAA8-1C4934B8A391}.Debug|Any CPU.Build.0 = Debug|Any CPU
		{A8E42145-D5DD-480F-BAA8-1C4934B8A391}.Release|Any CPU.ActiveCfg = Release|Any CPU
		{A8E42145-D5DD-480F-BAA8-1C4934B8A391}.Release|Any CPU.Build.0 = Release|Any CPU
	EndGlobalSection
	GlobalSection(SolutionProperties) = preSolution
		HideSolutionNode = FALSE
	EndGlobalSection
	GlobalSection(ExtensibilityGlobals) = postSolution
		SolutionGuid = {6FA978D5-FE12-4091-8F03-3C39EC5F1593}
	EndGlobalSection
EndGlobal
