
Microsoft Visual Studio Solution File, Format Version 12.00
# Visual Studio Version 17
VisualStudioVersion = 17.3.32819.101
MinimumVisualStudioVersion = 10.0.40219.1
Project("{FAE04EC0-301F-11D3-BF4B-00C04F79EFBC}") = "Fluke_Exam1 Q12", "Fluke_Exam1 Q12.csproj", "{2FBCA8CB-5A1A-496A-879C-04DBAF0B1532}"
EndProject
Global
	GlobalSection(SolutionConfigurationPlatforms) = preSolution
		Debug|Any CPU = Debug|Any CPU
		Release|Any CPU = Release|Any CPU
	EndGlobalSection
	GlobalSection(ProjectConfigurationPlatforms) = postSolution
		{2FBCA8CB-5A1A-496A-879C-04DBAF0B1532}.Debug|Any CPU.ActiveCfg = Debug|Any CPU
		{2FBCA8CB-5A1A-496A-879C-04DBAF0B1532}.Debug|Any CPU.Build.0 = Debug|Any CPU
		{2FBCA8CB-5A1A-496A-879C-04DBAF0B1532}.Release|Any CPU.ActiveCfg = Release|Any CPU
		{2FBCA8CB-5A1A-496A-879C-04DBAF0B1532}.Release|Any CPU.Build.0 = Release|Any CPU
	EndGlobalSection
	GlobalSection(SolutionProperties) = preSolution
		HideSolutionNode = FALSE
	EndGlobalSection
	GlobalSection(ExtensibilityGlobals) = postSolution
		SolutionGuid = {436F875C-656D-40B3-85B6-FA008B62EDCE}
	EndGlobalSection
EndGlobal
