
Microsoft Visual Studio Solution File, Format Version 12.00
# Visual Studio Version 17
VisualStudioVersion = 17.3.32819.101
MinimumVisualStudioVersion = 10.0.40219.1
Project("{FAE04EC0-301F-11D3-BF4B-00C04F79EFBC}") = "Fluke_SquashTheBugs", "Fluke_SquashTheBugs.csproj", "{62B27BA7-25A1-4358-97FE-587A04055898}"
EndProject
Global
	GlobalSection(SolutionConfigurationPlatforms) = preSolution
		Debug|Any CPU = Debug|Any CPU
		Release|Any CPU = Release|Any CPU
	EndGlobalSection
	GlobalSection(ProjectConfigurationPlatforms) = postSolution
		{62B27BA7-25A1-4358-97FE-587A04055898}.Debug|Any CPU.ActiveCfg = Debug|Any CPU
		{62B27BA7-25A1-4358-97FE-587A04055898}.Debug|Any CPU.Build.0 = Debug|Any CPU
		{62B27BA7-25A1-4358-97FE-587A04055898}.Release|Any CPU.ActiveCfg = Release|Any CPU
		{62B27BA7-25A1-4358-97FE-587A04055898}.Release|Any CPU.Build.0 = Release|Any CPU
	EndGlobalSection
	GlobalSection(SolutionProperties) = preSolution
		HideSolutionNode = FALSE
	EndGlobalSection
	GlobalSection(ExtensibilityGlobals) = postSolution
		SolutionGuid = {042FECA9-A1C8-474B-A21E-B7C4C42497A3}
	EndGlobalSection
EndGlobal
