
Microsoft Visual Studio Solution File, Format Version 12.00
# Visual Studio Version 17
VisualStudioVersion = 17.3.32922.545
MinimumVisualStudioVersion = 10.0.40219.1
Project("{FAE04EC0-301F-11D3-BF4B-00C04F79EFBC}") = "Fluke_Final Q4", "Fluke_Final Q4.csproj", "{1E11F47C-3D41-423B-AD28-6C0F303781B4}"
EndProject
Global
	GlobalSection(SolutionConfigurationPlatforms) = preSolution
		Debug|Any CPU = Debug|Any CPU
		Release|Any CPU = Release|Any CPU
	EndGlobalSection
	GlobalSection(ProjectConfigurationPlatforms) = postSolution
		{1E11F47C-3D41-423B-AD28-6C0F303781B4}.Debug|Any CPU.ActiveCfg = Debug|Any CPU
		{1E11F47C-3D41-423B-AD28-6C0F303781B4}.Debug|Any CPU.Build.0 = Debug|Any CPU
		{1E11F47C-3D41-423B-AD28-6C0F303781B4}.Release|Any CPU.ActiveCfg = Release|Any CPU
		{1E11F47C-3D41-423B-AD28-6C0F303781B4}.Release|Any CPU.Build.0 = Release|Any CPU
	EndGlobalSection
	GlobalSection(SolutionProperties) = preSolution
		HideSolutionNode = FALSE
	EndGlobalSection
	GlobalSection(ExtensibilityGlobals) = postSolution
		SolutionGuid = {3F6969FE-240A-47DB-93E9-132E2367BAB9}
	EndGlobalSection
EndGlobal
